
Microsoft Visual Studio Solution File, Format Version 12.00
# Visual Studio Version 17
VisualStudioVersion = 17.0.31903.59
MinimumVisualStudioVersion = 10.0.40219.1
Project("{2150E333-8FDC-42A3-9474-1A3956D46DE8}") = "src", "src", "{827E0CD3-B72D-47B6-A68D-7590B98EB39B}"
EndProject
Project("{FAE04EC0-301F-11D3-BF4B-00C04F79EFBC}") = "EjderBackoffice.Web", "src\EjderBackoffice.Web\EjderBackoffice.Web.csproj", "{15B61AA0-8AB2-4A3C-9E5C-A9920960CAD5}"
EndProject
Project("{FAE04EC0-301F-11D3-BF4B-00C04F79EFBC}") = "Ejder.Core", "src\Ejder.Core\Ejder.Core.csproj", "{9C1A8B11-9E9F-4A9F-9A8B-7E2E1F3C1111}"
EndProject
Project("{FAE04EC0-301F-11D3-BF4B-00C04F79EFBC}") = "Ejder.CallCenter.Web", "src\Ejder.CallCenter.Web\Ejder.CallCenter.Web.csproj", "{3FA4AA45-951B-4568-BC6B-B8ABA52BE0DE}"
EndProject
Project("{FAE04EC0-301F-11D3-BF4B-00C04F79EFBC}") = "Ejder.Employee.Web", "src\Ejder.Employee.Web\Ejder.Employee.Web.csproj", "{E1C493A7-10AE-44AA-B6B8-906431862AEC}"
EndProject
Project("{FAE04EC0-301F-11D3-BF4B-00C04F79EFBC}") = "Ejder.Api", "src\Ejder.Api\Ejder.Api.csproj", "{36152F20-9C2A-4AD8-AF93-07200DC9268A}"
EndProject
Project("{FAE04EC0-301F-11D3-BF4B-00C04F79EFBC}") = "Ejder.Mobile", "src\Ejder.Mobile\Ejder.Mobile.csproj", "{AC025C82-7141-4F4B-96C0-29BA284C3143}"
EndProject
Project("{FAE04EC0-301F-11D3-BF4B-00C04F79EFBC}") = "Ejder.Marketing.Web", "src\Ejder.Marketing.Web\Ejder.Marketing.Web.csproj", "{1546AD34-84B3-4642-A036-057CE1D618B9}"
EndProject
Project("{FAE04EC0-301F-11D3-BF4B-00C04F79EFBC}") = "Ejder.Domain", "src\Ejder.Domain\Ejder.Domain.csproj", "{BFFBAD7C-823C-470D-A621-98A63A1C33E7}"
EndProject
Project("{FAE04EC0-301F-11D3-BF4B-00C04F79EFBC}") = "Ejder.Application", "src\Ejder.Application\Ejder.Application.csproj", "{B1BA6D66-656B-4768-AA85-AB5D0DEB969A}"
EndProject
Project("{FAE04EC0-301F-11D3-BF4B-00C04F79EFBC}") = "Ejder.Infrastructure", "src\Ejder.Infrastructure\Ejder.Infrastructure.csproj", "{C1B46015-4199-41E9-977D-A61150063DDE}"
EndProject
Global
	GlobalSection(SolutionConfigurationPlatforms) = preSolution
		Debug|Any CPU = Debug|Any CPU
		Debug|x64 = Debug|x64
		Debug|x86 = Debug|x86
		Release|Any CPU = Release|Any CPU
		Release|x64 = Release|x64
		Release|x86 = Release|x86
	EndGlobalSection
	GlobalSection(ProjectConfigurationPlatforms) = postSolution
		{15B61AA0-8AB2-4A3C-9E5C-A9920960CAD5}.Debug|Any CPU.ActiveCfg = Debug|Any CPU
		{15B61AA0-8AB2-4A3C-9E5C-A9920960CAD5}.Debug|Any CPU.Build.0 = Debug|Any CPU
		{15B61AA0-8AB2-4A3C-9E5C-A9920960CAD5}.Debug|x64.ActiveCfg = Debug|Any CPU
		{15B61AA0-8AB2-4A3C-9E5C-A9920960CAD5}.Debug|x64.Build.0 = Debug|Any CPU
		{15B61AA0-8AB2-4A3C-9E5C-A9920960CAD5}.Debug|x86.ActiveCfg = Debug|Any CPU
		{15B61AA0-8AB2-4A3C-9E5C-A9920960CAD5}.Debug|x86.Build.0 = Debug|Any CPU
		{15B61AA0-8AB2-4A3C-9E5C-A9920960CAD5}.Release|Any CPU.ActiveCfg = Release|Any CPU
		{15B61AA0-8AB2-4A3C-9E5C-A9920960CAD5}.Release|Any CPU.Build.0 = Release|Any CPU
		{15B61AA0-8AB2-4A3C-9E5C-A9920960CAD5}.Release|x64.ActiveCfg = Release|Any CPU
		{15B61AA0-8AB2-4A3C-9E5C-A9920960CAD5}.Release|x64.Build.0 = Release|Any CPU
		{15B61AA0-8AB2-4A3C-9E5C-A9920960CAD5}.Release|x86.ActiveCfg = Release|Any CPU
		{15B61AA0-8AB2-4A3C-9E5C-A9920960CAD5}.Release|x86.Build.0 = Release|Any CPU
		{9C1A8B11-9E9F-4A9F-9A8B-7E2E1F3C1111}.Debug|Any CPU.ActiveCfg = Debug|Any CPU
		{9C1A8B11-9E9F-4A9F-9A8B-7E2E1F3C1111}.Debug|Any CPU.Build.0 = Debug|Any CPU
		{9C1A8B11-9E9F-4A9F-9A8B-7E2E1F3C1111}.Debug|x64.ActiveCfg = Debug|Any CPU
		{9C1A8B11-9E9F-4A9F-9A8B-7E2E1F3C1111}.Debug|x64.Build.0 = Debug|Any CPU
		{9C1A8B11-9E9F-4A9F-9A8B-7E2E1F3C1111}.Debug|x86.ActiveCfg = Debug|Any CPU
		{9C1A8B11-9E9F-4A9F-9A8B-7E2E1F3C1111}.Debug|x86.Build.0 = Debug|Any CPU
		{9C1A8B11-9E9F-4A9F-9A8B-7E2E1F3C1111}.Release|Any CPU.ActiveCfg = Release|Any CPU
		{9C1A8B11-9E9F-4A9F-9A8B-7E2E1F3C1111}.Release|Any CPU.Build.0 = Release|Any CPU
		{9C1A8B11-9E9F-4A9F-9A8B-7E2E1F3C1111}.Release|x64.ActiveCfg = Release|Any CPU
		{9C1A8B11-9E9F-4A9F-9A8B-7E2E1F3C1111}.Release|x64.Build.0 = Release|Any CPU
		{9C1A8B11-9E9F-4A9F-9A8B-7E2E1F3C1111}.Release|x86.ActiveCfg = Release|Any CPU
		{9C1A8B11-9E9F-4A9F-9A8B-7E2E1F3C1111}.Release|x86.Build.0 = Release|Any CPU
		{3FA4AA45-951B-4568-BC6B-B8ABA52BE0DE}.Debug|Any CPU.ActiveCfg = Debug|Any CPU
		{3FA4AA45-951B-4568-BC6B-B8ABA52BE0DE}.Debug|Any CPU.Build.0 = Debug|Any CPU
		{3FA4AA45-951B-4568-BC6B-B8ABA52BE0DE}.Debug|x64.ActiveCfg = Debug|Any CPU
		{3FA4AA45-951B-4568-BC6B-B8ABA52BE0DE}.Debug|x64.Build.0 = Debug|Any CPU
		{3FA4AA45-951B-4568-BC6B-B8ABA52BE0DE}.Debug|x86.ActiveCfg = Debug|Any CPU
		{3FA4AA45-951B-4568-BC6B-B8ABA52BE0DE}.Debug|x86.Build.0 = Debug|Any CPU
		{3FA4AA45-951B-4568-BC6B-B8ABA52BE0DE}.Release|Any CPU.ActiveCfg = Release|Any CPU
		{3FA4AA45-951B-4568-BC6B-B8ABA52BE0DE}.Release|Any CPU.Build.0 = Release|Any CPU
		{3FA4AA45-951B-4568-BC6B-B8ABA52BE0DE}.Release|x64.ActiveCfg = Release|Any CPU
		{3FA4AA45-951B-4568-BC6B-B8ABA52BE0DE}.Release|x64.Build.0 = Release|Any CPU
		{3FA4AA45-951B-4568-BC6B-B8ABA52BE0DE}.Release|x86.ActiveCfg = Release|Any CPU
		{3FA4AA45-951B-4568-BC6B-B8ABA52BE0DE}.Release|x86.Build.0 = Release|Any CPU
		{E1C493A7-10AE-44AA-B6B8-906431862AEC}.Debug|Any CPU.ActiveCfg = Debug|Any CPU
		{E1C493A7-10AE-44AA-B6B8-906431862AEC}.Debug|Any CPU.Build.0 = Debug|Any CPU
		{E1C493A7-10AE-44AA-B6B8-906431862AEC}.Debug|x64.ActiveCfg = Debug|Any CPU
		{E1C493A7-10AE-44AA-B6B8-906431862AEC}.Debug|x64.Build.0 = Debug|Any CPU
		{E1C493A7-10AE-44AA-B6B8-906431862AEC}.Debug|x86.ActiveCfg = Debug|Any CPU
		{E1C493A7-10AE-44AA-B6B8-906431862AEC}.Debug|x86.Build.0 = Debug|Any CPU
		{E1C493A7-10AE-44AA-B6B8-906431862AEC}.Release|Any CPU.ActiveCfg = Release|Any CPU
		{E1C493A7-10AE-44AA-B6B8-906431862AEC}.Release|Any CPU.Build.0 = Release|Any CPU
		{E1C493A7-10AE-44AA-B6B8-906431862AEC}.Release|x64.ActiveCfg = Release|Any CPU
		{E1C493A7-10AE-44AA-B6B8-906431862AEC}.Release|x64.Build.0 = Release|Any CPU
		{E1C493A7-10AE-44AA-B6B8-906431862AEC}.Release|x86.ActiveCfg = Release|Any CPU
		{E1C493A7-10AE-44AA-B6B8-906431862AEC}.Release|x86.Build.0 = Release|Any CPU
		{36152F20-9C2A-4AD8-AF93-07200DC9268A}.Debug|Any CPU.ActiveCfg = Debug|Any CPU
		{36152F20-9C2A-4AD8-AF93-07200DC9268A}.Debug|Any CPU.Build.0 = Debug|Any CPU
		{36152F20-9C2A-4AD8-AF93-07200DC9268A}.Debug|x64.ActiveCfg = Debug|Any CPU
		{36152F20-9C2A-4AD8-AF93-07200DC9268A}.Debug|x64.Build.0 = Debug|Any CPU
		{36152F20-9C2A-4AD8-AF93-07200DC9268A}.Debug|x86.ActiveCfg = Debug|Any CPU
		{36152F20-9C2A-4AD8-AF93-07200DC9268A}.Debug|x86.Build.0 = Debug|Any CPU
		{36152F20-9C2A-4AD8-AF93-07200DC9268A}.Release|Any CPU.ActiveCfg = Release|Any CPU
		{36152F20-9C2A-4AD8-AF93-07200DC9268A}.Release|Any CPU.Build.0 = Release|Any CPU
		{36152F20-9C2A-4AD8-AF93-07200DC9268A}.Release|x64.ActiveCfg = Release|Any CPU
		{36152F20-9C2A-4AD8-AF93-07200DC9268A}.Release|x64.Build.0 = Release|Any CPU
		{36152F20-9C2A-4AD8-AF93-07200DC9268A}.Release|x86.ActiveCfg = Release|Any CPU
		{36152F20-9C2A-4AD8-AF93-07200DC9268A}.Release|x86.Build.0 = Release|Any CPU
		{AC025C82-7141-4F4B-96C0-29BA284C3143}.Debug|Any CPU.ActiveCfg = Debug|Any CPU
		{AC025C82-7141-4F4B-96C0-29BA284C3143}.Debug|Any CPU.Build.0 = Debug|Any CPU
		{AC025C82-7141-4F4B-96C0-29BA284C3143}.Debug|x64.ActiveCfg = Debug|Any CPU
		{AC025C82-7141-4F4B-96C0-29BA284C3143}.Debug|x64.Build.0 = Debug|Any CPU
		{AC025C82-7141-4F4B-96C0-29BA284C3143}.Debug|x86.ActiveCfg = Debug|Any CPU
		{AC025C82-7141-4F4B-96C0-29BA284C3143}.Debug|x86.Build.0 = Debug|Any CPU
		{AC025C82-7141-4F4B-96C0-29BA284C3143}.Release|Any CPU.ActiveCfg = Release|Any CPU
		{AC025C82-7141-4F4B-96C0-29BA284C3143}.Release|Any CPU.Build.0 = Release|Any CPU
		{AC025C82-7141-4F4B-96C0-29BA284C3143}.Release|x64.ActiveCfg = Release|Any CPU
		{AC025C82-7141-4F4B-96C0-29BA284C3143}.Release|x64.Build.0 = Release|Any CPU
		{AC025C82-7141-4F4B-96C0-29BA284C3143}.Release|x86.ActiveCfg = Release|Any CPU
		{AC025C82-7141-4F4B-96C0-29BA284C3143}.Release|x86.Build.0 = Release|Any CPU
		{1546AD34-84B3-4642-A036-057CE1D618B9}.Debug|Any CPU.ActiveCfg = Debug|Any CPU
		{1546AD34-84B3-4642-A036-057CE1D618B9}.Debug|Any CPU.Build.0 = Debug|Any CPU
		{1546AD34-84B3-4642-A036-057CE1D618B9}.Debug|x64.ActiveCfg = Debug|Any CPU
		{1546AD34-84B3-4642-A036-057CE1D618B9}.Debug|x64.Build.0 = Debug|Any CPU
		{1546AD34-84B3-4642-A036-057CE1D618B9}.Debug|x86.ActiveCfg = Debug|Any CPU
		{1546AD34-84B3-4642-A036-057CE1D618B9}.Debug|x86.Build.0 = Debug|Any CPU
		{1546AD34-84B3-4642-A036-057CE1D618B9}.Release|Any CPU.ActiveCfg = Release|Any CPU
		{1546AD34-84B3-4642-A036-057CE1D618B9}.Release|Any CPU.Build.0 = Release|Any CPU
		{1546AD34-84B3-4642-A036-057CE1D618B9}.Release|x64.ActiveCfg = Release|Any CPU
		{1546AD34-84B3-4642-A036-057CE1D618B9}.Release|x64.Build.0 = Release|Any CPU
		{1546AD34-84B3-4642-A036-057CE1D618B9}.Release|x86.ActiveCfg = Release|Any CPU
		{1546AD34-84B3-4642-A036-057CE1D618B9}.Release|x86.Build.0 = Release|Any CPU
		{BFFBAD7C-823C-470D-A621-98A63A1C33E7}.Debug|Any CPU.ActiveCfg = Debug|Any CPU
		{BFFBAD7C-823C-470D-A621-98A63A1C33E7}.Debug|Any CPU.Build.0 = Debug|Any CPU
		{BFFBAD7C-823C-470D-A621-98A63A1C33E7}.Debug|x64.ActiveCfg = Debug|Any CPU
		{BFFBAD7C-823C-470D-A621-98A63A1C33E7}.Debug|x64.Build.0 = Debug|Any CPU
		{BFFBAD7C-823C-470D-A621-98A63A1C33E7}.Debug|x86.ActiveCfg = Debug|Any CPU
		{BFFBAD7C-823C-470D-A621-98A63A1C33E7}.Debug|x86.Build.0 = Debug|Any CPU
		{BFFBAD7C-823C-470D-A621-98A63A1C33E7}.Release|Any CPU.ActiveCfg = Release|Any CPU
		{BFFBAD7C-823C-470D-A621-98A63A1C33E7}.Release|Any CPU.Build.0 = Release|Any CPU
		{BFFBAD7C-823C-470D-A621-98A63A1C33E7}.Release|x64.ActiveCfg = Release|Any CPU
		{BFFBAD7C-823C-470D-A621-98A63A1C33E7}.Release|x64.Build.0 = Release|Any CPU
		{BFFBAD7C-823C-470D-A621-98A63A1C33E7}.Release|x86.ActiveCfg = Release|Any CPU
		{BFFBAD7C-823C-470D-A621-98A63A1C33E7}.Release|x86.Build.0 = Release|Any CPU
		{B1BA6D66-656B-4768-AA85-AB5D0DEB969A}.Debug|Any CPU.ActiveCfg = Debug|Any CPU
		{B1BA6D66-656B-4768-AA85-AB5D0DEB969A}.Debug|Any CPU.Build.0 = Debug|Any CPU
		{B1BA6D66-656B-4768-AA85-AB5D0DEB969A}.Debug|x64.ActiveCfg = Debug|Any CPU
		{B1BA6D66-656B-4768-AA85-AB5D0DEB969A}.Debug|x64.Build.0 = Debug|Any CPU
		{B1BA6D66-656B-4768-AA85-AB5D0DEB969A}.Debug|x86.ActiveCfg = Debug|Any CPU
		{B1BA6D66-656B-4768-AA85-AB5D0DEB969A}.Debug|x86.Build.0 = Debug|Any CPU
		{B1BA6D66-656B-4768-AA85-AB5D0DEB969A}.Release|Any CPU.ActiveCfg = Release|Any CPU
		{B1BA6D66-656B-4768-AA85-AB5D0DEB969A}.Release|Any CPU.Build.0 = Release|Any CPU
		{B1BA6D66-656B-4768-AA85-AB5D0DEB969A}.Release|x64.ActiveCfg = Release|Any CPU
		{B1BA6D66-656B-4768-AA85-AB5D0DEB969A}.Release|x64.Build.0 = Release|Any CPU
		{B1BA6D66-656B-4768-AA85-AB5D0DEB969A}.Release|x86.ActiveCfg = Release|Any CPU
		{B1BA6D66-656B-4768-AA85-AB5D0DEB969A}.Release|x86.Build.0 = Release|Any CPU
		{C1B46015-4199-41E9-977D-A61150063DDE}.Debug|Any CPU.ActiveCfg = Debug|Any CPU
		{C1B46015-4199-41E9-977D-A61150063DDE}.Debug|Any CPU.Build.0 = Debug|Any CPU
		{C1B46015-4199-41E9-977D-A61150063DDE}.Debug|x64.ActiveCfg = Debug|Any CPU
		{C1B46015-4199-41E9-977D-A61150063DDE}.Debug|x64.Build.0 = Debug|Any CPU
		{C1B46015-4199-41E9-977D-A61150063DDE}.Debug|x86.ActiveCfg = Debug|Any CPU
		{C1B46015-4199-41E9-977D-A61150063DDE}.Debug|x86.Build.0 = Debug|Any CPU
		{C1B46015-4199-41E9-977D-A61150063DDE}.Release|Any CPU.ActiveCfg = Release|Any CPU
		{C1B46015-4199-41E9-977D-A61150063DDE}.Release|Any CPU.Build.0 = Release|Any CPU
		{C1B46015-4199-41E9-977D-A61150063DDE}.Release|x64.ActiveCfg = Release|Any CPU
		{C1B46015-4199-41E9-977D-A61150063DDE}.Release|x64.Build.0 = Release|Any CPU
		{C1B46015-4199-41E9-977D-A61150063DDE}.Release|x86.ActiveCfg = Release|Any CPU
		{C1B46015-4199-41E9-977D-A61150063DDE}.Release|x86.Build.0 = Release|Any CPU
	EndGlobalSection
	GlobalSection(SolutionProperties) = preSolution
		HideSolutionNode = FALSE
	EndGlobalSection
	GlobalSection(NestedProjects) = preSolution
		{15B61AA0-8AB2-4A3C-9E5C-A9920960CAD5} = {827E0CD3-B72D-47B6-A68D-7590B98EB39B}
		{9C1A8B11-9E9F-4A9F-9A8B-7E2E1F3C1111} = {827E0CD3-B72D-47B6-A68D-7590B98EB39B}
		{3FA4AA45-951B-4568-BC6B-B8ABA52BE0DE} = {827E0CD3-B72D-47B6-A68D-7590B98EB39B}
		{E1C493A7-10AE-44AA-B6B8-906431862AEC} = {827E0CD3-B72D-47B6-A68D-7590B98EB39B}
		{36152F20-9C2A-4AD8-AF93-07200DC9268A} = {827E0CD3-B72D-47B6-A68D-7590B98EB39B}
		{AC025C82-7141-4F4B-96C0-29BA284C3143} = {827E0CD3-B72D-47B6-A68D-7590B98EB39B}
		{1546AD34-84B3-4642-A036-057CE1D618B9} = {827E0CD3-B72D-47B6-A68D-7590B98EB39B}
		{BFFBAD7C-823C-470D-A621-98A63A1C33E7} = {827E0CD3-B72D-47B6-A68D-7590B98EB39B}
		{B1BA6D66-656B-4768-AA85-AB5D0DEB969A} = {827E0CD3-B72D-47B6-A68D-7590B98EB39B}
		{C1B46015-4199-41E9-977D-A61150063DDE} = {827E0CD3-B72D-47B6-A68D-7590B98EB39B}
	EndGlobalSection
EndGlobal
